// !$*UTF8*$!
{
	archiveVersion = 1;
	classes = {
	};
	objectVersion = 46;
	objects = {

/* Begin PBXBuildFile section */
		26717D2F1985BB6900619E49 /* Foundation.framework in Frameworks */ = {isa = PBXBuildFile; fileRef = 26717D2E1985BB6900619E49 /* Foundation.framework */; };
		26717D311985BB6900619E49 /* CoreGraphics.framework in Frameworks */ = {isa = PBXBuildFile; fileRef = 26717D301985BB6900619E49 /* CoreGraphics.framework */; };
		26717D331985BB6900619E49 /* UIKit.framework in Frameworks */ = {isa = PBXBuildFile; fileRef = 26717D321985BB6900619E49 /* UIKit.framework */; };
		26717D391985BB6900619E49 /* InfoPlist.strings in Resources */ = {isa = PBXBuildFile; fileRef = 26717D371985BB6900619E49 /* InfoPlist.strings */; };
		26717D3B1985BB6900619E49 /* main.m in Sources */ = {isa = PBXBuildFile; fileRef = 26717D3A1985BB6900619E49 /* main.m */; };
		26717D3F1985BB6900619E49 /* AppDelegate.m in Sources */ = {isa = PBXBuildFile; fileRef = 26717D3E1985BB6900619E49 /* AppDelegate.m */; };
		26717D421985BB6900619E49 /* Main.storyboard in Resources */ = {isa = PBXBuildFile; fileRef = 26717D401985BB6900619E49 /* Main.storyboard */; };
		26717D451985BB6900619E49 /* ViewController.m in Sources */ = {isa = PBXBuildFile; fileRef = 26717D441985BB6900619E49 /* ViewController.m */; };
		26717D471985BB6900619E49 /* Images.xcassets in Resources */ = {isa = PBXBuildFile; fileRef = 26717D461985BB6900619E49 /* Images.xcassets */; };
		26717D4E1985BB6900619E49 /* XCTest.framework in Frameworks */ = {isa = PBXBuildFile; fileRef = 26717D4D1985BB6900619E49 /* XCTest.framework */; };
		26717D4F1985BB6900619E49 /* Foundation.framework in Frameworks */ = {isa = PBXBuildFile; fileRef = 26717D2E1985BB6900619E49 /* Foundation.framework */; };
		26717D501985BB6900619E49 /* UIKit.framework in Frameworks */ = {isa = PBXBuildFile; fileRef = 26717D321985BB6900619E49 /* UIKit.framework */; };
		26717D581985BB6900619E49 /* InfoPlist.strings in Resources */ = {isa = PBXBuildFile; fileRef = 26717D561985BB6900619E49 /* InfoPlist.strings */; };
		26717D5A1985BB6900619E49 /* StoreKitDemoTests.m in Sources */ = {isa = PBXBuildFile; fileRef = 26717D591985BB6900619E49 /* StoreKitDemoTests.m */; };
/* End PBXBuildFile section */

/* Begin PBXContainerItemProxy section */
		26717D511985BB6900619E49 /* PBXContainerItemProxy */ = {
			isa = PBXContainerItemProxy;
			containerPortal = 26717D231985BB6900619E49 /* Project object */;
			proxyType = 1;
			remoteGlobalIDString = 26717D2A1985BB6900619E49;
			remoteInfo = StoreKitDemo;
		};
/* End PBXContainerItemProxy section */

/* Begin PBXFileReference section */
		26717D2B1985BB6900619E49 /* StoreKitDemo.app */ = {isa = PBXFileReference; explicitFileType = wrapper.application; includeInIndex = 0; path = StoreKitDemo.app; sourceTree = BUILT_PRODUCTS_DIR; };
		26717D2E1985BB6900619E49 /* Foundation.framework */ = {isa = PBXFileReference; lastKnownFileType = wrapper.framework; name = Foundation.framework; path = System/Library/Frameworks/Foundation.framework; sourceTree = SDKROOT; };
		26717D301985BB6900619E49 /* CoreGraphics.framework */ = {isa = PBXFileReference; lastKnownFileType = wrapper.framework; name = CoreGraphics.framework; path = System/Library/Frameworks/CoreGraphics.framework; sourceTree = SDKROOT; };
		26717D321985BB6900619E49 /* UIKit.framework */ = {isa = PBXFileReference; lastKnownFileType = wrapper.framework; name = UIKit.framework; path = System/Library/Frameworks/UIKit.framework; sourceTree = SDKROOT; };
		26717D361985BB6900619E49 /* StoreKitDemo-Info.plist */ = {isa = PBXFileReference; lastKnownFileType = text.plist.xml; path = "StoreKitDemo-Info.plist"; sourceTree = "<group>"; };
		26717D381985BB6900619E49 /* en */ = {isa = PBXFileReference; lastKnownFileType = text.plist.strings; name = en; path = en.lproj/InfoPlist.strings; sourceTree = "<group>"; };
		26717D3A1985BB6900619E49 /* main.m */ = {isa = PBXFileReference; lastKnownFileType = sourcecode.c.objc; path = main.m; sourceTree = "<group>"; };
		26717D3C1985BB6900619E49 /* StoreKitDemo-Prefix.pch */ = {isa = PBXFileReference; lastKnownFileType = sourcecode.c.h; path = "StoreKitDemo-Prefix.pch"; sourceTree = "<group>"; };
		26717D3D1985BB6900619E49 /* AppDelegate.h */ = {isa = PBXFileReference; lastKnownFileType = sourcecode.c.h; path = AppDelegate.h; sourceTree = "<group>"; };
		26717D3E1985BB6900619E49 /* AppDelegate.m */ = {isa = PBXFileReference; lastKnownFileType = sourcecode.c.objc; path = AppDelegate.m; sourceTree = "<group>"; };
		26717D411985BB6900619E49 /* Base */ = {isa = PBXFileReference; lastKnownFileType = file.storyboard; name = Base; path = Base.lproj/Main.storyboard; sourceTree = "<group>"; };
		26717D431985BB6900619E49 /* ViewController.h */ = {isa = PBXFileReference; lastKnownFileType = sourcecode.c.h; path = ViewController.h; sourceTree = "<group>"; };
		26717D441985BB6900619E49 /* ViewController.m */ = {isa = PBXFileReference; lastKnownFileType = sourcecode.c.objc; path = ViewController.m; sourceTree = "<group>"; };
		26717D461985BB6900619E49 /* Images.xcassets */ = {isa = PBXFileReference; lastKnownFileType = folder.assetcatalog; path = Images.xcassets; sourceTree = "<group>"; };
		26717D4C1985BB6900619E49 /* StoreKitDemoTests.xctest */ = {isa = PBXFileReference; explicitFileType = wrapper.cfbundle; includeInIndex = 0; path = StoreKitDemoTests.xctest; sourceTree = BUILT_PRODUCTS_DIR; };
		26717D4D1985BB6900619E49 /* XCTest.framework */ = {isa = PBXFileReference; lastKnownFileType = wrapper.framework; name = XCTest.framework; path = Library/Frameworks/XCTest.framework; sourceTree = DEVELOPER_DIR; };
		26717D551985BB6900619E49 /* StoreKitDemoTests-Info.plist */ = {isa = PBXFileReference; lastKnownFileType = text.plist.xml; path = "StoreKitDemoTests-Info.plist"; sourceTree = "<group>"; };
		26717D571985BB6900619E49 /* en */ = {isa = PBXFileReference; lastKnownFileType = text.plist.strings; name = en; path = en.lproj/InfoPlist.strings; sourceTree = "<group>"; };
		26717D591985BB6900619E49 /* StoreKitDemoTests.m */ = {isa = PBXFileReference; lastKnownFileType = sourcecode.c.objc; path = StoreKitDemoTests.m; sourceTree = "<group>"; };
/* End PBXFileReference section */

/* Begin PBXFrameworksBuildPhase section */
		26717D281985BB6900619E49 /* Frameworks */ = {
			isa = PBXFrameworksBuildPhase;
			buildActionMask = 2147483647;
			files = (
				26717D311985BB6900619E49 /* CoreGraphics.framework in Frameworks */,
				26717D331985BB6900619E49 /* UIKit.framework in Frameworks */,
				26717D2F1985BB6900619E49 /* Foundation.framework in Frameworks */,
			);
			runOnlyForDeploymentPostprocessing = 0;
		};
		26717D491985BB6900619E49 /* Frameworks */ = {
			isa = PBXFrameworksBuildPhase;
			buildActionMask = 2147483647;
			files = (
				26717D4E1985BB6900619E49 /* XCTest.framework in Frameworks */,
				26717D501985BB6900619E49 /* UIKit.framework in Frameworks */,
				26717D4F1985BB6900619E49 /* Foundation.framework in Frameworks */,
			);
			runOnlyForDeploymentPostprocessing = 0;
		};
/* End PBXFrameworksBuildPhase section */

/* Begin PBXGroup section */
		26717D221985BB6900619E49 = {
			isa = PBXGroup;
			children = (
				26717D341985BB6900619E49 /* StoreKitDemo */,
				26717D531985BB6900619E49 /* StoreKitDemoTests */,
				26717D2D1985BB6900619E49 /* Frameworks */,
				26717D2C1985BB6900619E49 /* Products */,
			);
			sourceTree = "<group>";
		};
		26717D2C1985BB6900619E49 /* Products */ = {
			isa = PBXGroup;
			children = (
				26717D2B1985BB6900619E49 /* StoreKitDemo.app */,
				26717D4C1985BB6900619E49 /* StoreKitDemoTests.xctest */,
			);
			name = Products;
			sourceTree = "<group>";
		};
		26717D2D1985BB6900619E49 /* Frameworks */ = {
			isa = PBXGroup;
			children = (
				26717D2E1985BB6900619E49 /* Foundation.framework */,
				26717D301985BB6900619E49 /* CoreGraphics.framework */,
				26717D321985BB6900619E49 /* UIKit.framework */,
				26717D4D1985BB6900619E49 /* XCTest.framework */,
			);
			name = Frameworks;
			sourceTree = "<group>";
		};
		26717D341985BB6900619E49 /* StoreKitDemo */ = {
			isa = PBXGroup;
			children = (
				26717D3D1985BB6900619E49 /* AppDelegate.h */,
				26717D3E1985BB6900619E49 /* AppDelegate.m */,
				26717D401985BB6900619E49 /* Main.storyboard */,
				26717D431985BB6900619E49 /* ViewController.h */,
				26717D441985BB6900619E49 /* ViewController.m */,
				26717D461985BB6900619E49 /* Images.xcassets */,
				26717D351985BB6900619E49 /* Supporting Files */,
			);
			path = StoreKitDemo;
			sourceTree = "<group>";
		};
		26717D351985BB6900619E49 /* Supporting Files */ = {
			isa = PBXGroup;
			children = (
				26717D361985BB6900619E49 /* StoreKitDemo-Info.plist */,
				26717D371985BB6900619E49 /* InfoPlist.strings */,
				26717D3A1985BB6900619E49 /* main.m */,
				26717D3C1985BB6900619E49 /* StoreKitDemo-Prefix.pch */,
			);
			name = "Supporting Files";
			sourceTree = "<group>";
		};
		26717D531985BB6900619E49 /* StoreKitDemoTests */ = {
			isa = PBXGroup;
			children = (
				26717D591985BB6900619E49 /* StoreKitDemoTests.m */,
				26717D541985BB6900619E49 /* Supporting Files */,
			);
			path = StoreKitDemoTests;
			sourceTree = "<group>";
		};
		26717D541985BB6900619E49 /* Supporting Files */ = {
			isa = PBXGroup;
			children = (
				26717D551985BB6900619E49 /* StoreKitDemoTests-Info.plist */,
				26717D561985BB6900619E49 /* InfoPlist.strings */,
			);
			name = "Supporting Files";
			sourceTree = "<group>";
		};
/* End PBXGroup section */

/* Begin PBXNativeTarget section */
		26717D2A1985BB6900619E49 /* StoreKitDemo */ = {
			isa = PBXNativeTarget;
			buildConfigurationList = 26717D5D1985BB6900619E49 /* Build configuration list for PBXNativeTarget "StoreKitDemo" */;
			buildPhases = (
				26717D271985BB6900619E49 /* Sources */,
				26717D281985BB6900619E49 /* Frameworks */,
				26717D291985BB6900619E49 /* Resources */,
			);
			buildRules = (
			);
			dependencies = (
			);
			name = StoreKitDemo;
			productName = StoreKitDemo;
			productReference = 26717D2B1985BB6900619E49 /* StoreKitDemo.app */;
			productType = "com.apple.product-type.application";
		};
		26717D4B1985BB6900619E49 /* StoreKitDemoTests */ = {
			isa = PBXNativeTarget;
			buildConfigurationList = 26717D601985BB6900619E49 /* Build configuration list for PBXNativeTarget "StoreKitDemoTests" */;
			buildPhases = (
				26717D481985BB6900619E49 /* Sources */,
				26717D491985BB6900619E49 /* Frameworks */,
				26717D4A1985BB6900619E49 /* Resources */,
			);
			buildRules = (
			);
			dependencies = (
				26717D521985BB6900619E49 /* PBXTargetDependency */,
			);
			name = StoreKitDemoTests;
			productName = StoreKitDemoTests;
			productReference = 26717D4C1985BB6900619E49 /* StoreKitDemoTests.xctest */;
			productType = "com.apple.product-type.bundle.unit-test";
		};
/* End PBXNativeTarget section */

/* Begin PBXProject section */
		26717D231985BB6900619E49 /* Project object */ = {
			isa = PBXProject;
			attributes = {
				LastUpgradeCheck = 0510;
				ORGANIZATIONNAME = alex.huang;
				TargetAttributes = {
					26717D4B1985BB6900619E49 = {
						TestTargetID = 26717D2A1985BB6900619E49;
					};
				};
			};
			buildConfigurationList = 26717D261985BB6900619E49 /* Build configuration list for PBXProject "StoreKitDemo" */;
			compatibilityVersion = "Xcode 3.2";
			developmentRegion = English;
			hasScannedForEncodings = 0;
			knownRegions = (
				en,
				Base,
			);
			mainGroup = 26717D221985BB6900619E49;
			productRefGroup = 26717D2C1985BB6900619E49 /* Products */;
			projectDirPath = "";
			projectRoot = "";
			targets = (
				26717D2A1985BB6900619E49 /* StoreKitDemo */,
				26717D4B1985BB6900619E49 /* StoreKitDemoTests */,
			);
		};
/* End PBXProject section */

/* Begin PBXResourcesBuildPhase section */
		26717D291985BB6900619E49 /* Resources */ = {
			isa = PBXResourcesBuildPhase;
			buildActionMask = 2147483647;
			files = (
				26717D471985BB6900619E49 /* Images.xcassets in Resources */,
				26717D391985BB6900619E49 /* InfoPlist.strings in Resources */,
				26717D421985BB6900619E49 /* Main.storyboard in Resources */,
			);
			runOnlyForDeploymentPostprocessing = 0;
		};
		26717D4A1985BB6900619E49 /* Resources */ = {
			isa = PBXResourcesBuildPhase;
			buildActionMask = 2147483647;
			files = (
				26717D581985BB6900619E49 /* InfoPlist.strings in Resources */,
			);
			runOnlyForDeploymentPostprocessing = 0;
		};
/* End PBXResourcesBuildPhase section */

/* Begin PBXSourcesBuildPhase section */
		26717D271985BB6900619E49 /* Sources */ = {
			isa = PBXSourcesBuildPhase;
			buildActionMask = 2147483647;
			files = (
				26717D451985BB6900619E49 /* ViewController.m in Sources */,
				26717D3F1985BB6900619E49 /* AppDelegate.m in Sources */,
				26717D3B1985BB6900619E49 /* main.m in Sources */,
			);
			runOnlyForDeploymentPostprocessing = 0;
		};
		26717D481985BB6900619E49 /* Sources */ = {
			isa = PBXSourcesBuildPhase;
			buildActionMask = 2147483647;
			files = (
				26717D5A1985BB6900619E49 /* StoreKitDemoTests.m in Sources */,
			);
			runOnlyForDeploymentPostprocessing = 0;
		};
/* End PBXSourcesBuildPhase section */

/* Begin PBXTargetDependency section */
		26717D521985BB6900619E49 /* PBXTargetDependency */ = {
			isa = PBXTargetDependency;
			target = 26717D2A1985BB6900619E49 /* StoreKitDemo */;
			targetProxy = 26717D511985BB6900619E49 /* PBXContainerItemProxy */;
		};
/* End PBXTargetDependency section */

/* Begin PBXVariantGroup section */
		26717D371985BB6900619E49 /* InfoPlist.strings */ = {
			isa = PBXVariantGroup;
			children = (
				26717D381985BB6900619E49 /* en */,
			);
			name = InfoPlist.strings;
			sourceTree = "<group>";
		};
		26717D401985BB6900619E49 /* Main.storyboard */ = {
			isa = PBXVariantGroup;
			children = (
				26717D411985BB6900619E49 /* Base */,
			);
			name = Main.storyboard;
			sourceTree = "<group>";
		};
		26717D561985BB6900619E49 /* InfoPlist.strings */ = {
			isa = PBXVariantGroup;
			children = (
				26717D571985BB6900619E49 /* en */,
			);
			name = InfoPlist.strings;
			sourceTree = "<group>";
		};
/* End PBXVariantGroup section */

/* Begin XCBuildConfiguration section */
		26717D5B1985BB6900619E49 /* Debug */ = {
			isa = XCBuildConfiguration;
			buildSettings = {
				ALWAYS_SEARCH_USER_PATHS = NO;
				CLANG_CXX_LANGUAGE_STANDARD = "gnu++0x";
				CLANG_CXX_LIBRARY = "libc++";
				CLANG_ENABLE_MODULES = YES;
				CLANG_ENABLE_OBJC_ARC = YES;
				CLANG_WARN_BOOL_CONVERSION = YES;
				CLANG_WARN_CONSTANT_CONVERSION = YES;
				CLANG_WARN_DIRECT_OBJC_ISA_USAGE = YES_ERROR;
				CLANG_WARN_EMPTY_BODY = YES;
				CLANG_WARN_ENUM_CONVERSION = YES;
				CLANG_WARN_INT_CONVERSION = YES;
				CLANG_WARN_OBJC_ROOT_CLASS = YES_ERROR;
				CLANG_WARN__DUPLICATE_METHOD_MATCH = YES;
				"CODE_SIGN_IDENTITY[sdk=iphoneos*]" = "iPhone Developer";
				COPY_PHASE_STRIP = NO;
				GCC_C_LANGUAGE_STANDARD = gnu99;
				GCC_DYNAMIC_NO_PIC = NO;
				GCC_OPTIMIZATION_LEVEL = 0;
				GCC_PREPROCESSOR_DEFINITIONS = (
					"DEBUG=1",
					"$(inherited)",
				);
				GCC_SYMBOLS_PRIVATE_EXTERN = NO;
				GCC_WARN_64_TO_32_BIT_CONVERSION = YES;
				GCC_WARN_ABOUT_RETURN_TYPE = YES_ERROR;
				GCC_WARN_UNDECLARED_SELECTOR = YES;
				GCC_WARN_UNINITIALIZED_AUTOS = YES_AGGRESSIVE;
				GCC_WARN_UNUSED_FUNCTION = YES;
				GCC_WARN_UNUSED_VARIABLE = YES;
				IPHONEOS_DEPLOYMENT_TARGET = 7.1;
				ONLY_ACTIVE_ARCH = YES;
				SDKROOT = iphoneos;
			};
			name = Debug;
		};
		26717D5C1985BB6900619E49 /* Release */ = {
			isa = XCBuildConfiguration;
			buildSettings = {
				ALWAYS_SEARCH_USER_PATHS = NO;
				CLANG_CXX_LANGUAGE_STANDARD = "gnu++0x";
				CLANG_CXX_LIBRARY = "libc++";
				CLANG_ENABLE_MODULES = YES;
				CLANG_ENABLE_OBJC_ARC = YES;
				CLANG_WARN_BOOL_CONVERSION = YES;
				CLANG_WARN_CONSTANT_CONVERSION = YES;
				CLANG_WARN_DIRECT_OBJC_ISA_USAGE = YES_ERROR;
				CLANG_WARN_EMPTY_BODY = YES;
				CLANG_WARN_ENUM_CONVERSION = YES;
				CLANG_WARN_INT_CONVERSION = YES;
				CLANG_WARN_OBJC_ROOT_CLASS = YES_ERROR;
				CLANG_WARN__DUPLICATE_METHOD_MATCH = YES;
				"CODE_SIGN_IDENTITY[sdk=iphoneos*]" = "iPhone Developer";
				COPY_PHASE_STRIP = YES;
				ENABLE_NS_ASSERTIONS = NO;
				GCC_C_LANGUAGE_STANDARD = gnu99;
				GCC_WARN_64_TO_32_BIT_CONVERSION = YES;
				GCC_WARN_ABOUT_RETURN_TYPE = YES_ERROR;
				GCC_WARN_UNDECLARED_SELECTOR = YES;
				GCC_WARN_UNINITIALIZED_AUTOS = YES_AGGRESSIVE;
				GCC_WARN_UNUSED_FUNCTION = YES;
				GCC_WARN_UNUSED_VARIABLE = YES;
				IPHONEOS_DEPLOYMENT_TARGET = 7.1;
				SDKROOT = iphoneos;
				VALIDATE_PRODUCT = YES;
			};
			name = Release;
		};
		26717D5E1985BB6900619E49 /* Debug */ = {
			isa = XCBuildConfiguration;
			buildSettings = {
				ASSETCATALOG_COMPILER_APPICON_NAME = AppIcon;
				ASSETCATALOG_COMPILER_LAUNCHIMAGE_NAME = LaunchImage;
				GCC_PRECOMPILE_PREFIX_HEADER = YES;
				GCC_PREFIX_HEADER = "StoreKitDemo/StoreKitDemo-Prefix.pch";
				INFOPLIST_FILE = "StoreKitDemo/StoreKitDemo-Info.plist";
				PRODUCT_NAME = "$(TARGET_NAME)";
				WRAPPER_EXTENSION = app;
			};
			name = Debug;
		};
		26717D5F1985BB6900619E49 /* Release */ = {
			isa = XCBuildConfiguration;
			buildSettings = {
				ASSETCATALOG_COMPILER_APPICON_NAME = AppIcon;
				ASSETCATALOG_COMPILER_LAUNCHIMAGE_NAME = LaunchImage;
				GCC_PRECOMPILE_PREFIX_HEADER = YES;
				GCC_PREFIX_HEADER = "StoreKitDemo/StoreKitDemo-Prefix.pch";
				INFOPLIST_FILE = "StoreKitDemo/StoreKitDemo-Info.plist";
				PRODUCT_NAME = "$(TARGET_NAME)";
				WRAPPER_EXTENSION = app;
			};
			name = Release;
		};
		26717D611985BB6900619E49 /* Debug */ = {
			isa = XCBuildConfiguration;
			buildSettings = {
				BUNDLE_LOADER = "$(BUILT_PRODUCTS_DIR)/StoreKitDemo.app/StoreKitDemo";
				FRAMEWORK_SEARCH_PATHS = (
					"$(SDKROOT)/Developer/Library/Frameworks",
					"$(inherited)",
					"$(DEVELOPER_FRAMEWORKS_DIR)",
				);
				GCC_PRECOMPILE_PREFIX_HEADER = YES;
				GCC_PREFIX_HEADER = "StoreKitDemo/StoreKitDemo-Prefix.pch";
				GCC_PREPROCESSOR_DEFINITIONS = (
					"DEBUG=1",
					"$(inherited)",
				);
				INFOPLIST_FILE = "StoreKitDemoTests/StoreKitDemoTests-Info.plist";
				PRODUCT_NAME = "$(TARGET_NAME)";
				TEST_HOST = "$(BUNDLE_LOADER)";
				WRAPPER_EXTENSION = xctest;
			};
			name = Debug;
		};
		26717D621985BB6900619E49 /* Release */ = {
			isa = XCBuildConfiguration;
			buildSettings = {
				BUNDLE_LOADER = "$(BUILT_PRODUCTS_DIR)/StoreKitDemo.app/StoreKitDemo";
				FRAMEWORK_SEARCH_PATHS = (
					"$(SDKROOT)/Developer/Library/Frameworks",
					"$(inherited)",
					"$(DEVELOPER_FRAMEWORKS_DIR)",
				);
				GCC_PRECOMPILE_PREFIX_HEADER = YES;
				GCC_PREFIX_HEADER = "StoreKitDemo/StoreKitDemo-Prefix.pch";
				INFOPLIST_FILE = "StoreKitDemoTests/StoreKitDemoTests-Info.plist";
				PRODUCT_NAME = "$(TARGET_NAME)";
				TEST_HOST = "$(BUNDLE_LOADER)";
				WRAPPER_EXTENSION = xctest;
			};
			name = Release;
		};
/* End XCBuildConfiguration section */

/* Begin XCConfigurationList section */
		26717D261985BB6900619E49 /* Build configuration list for PBXProject "StoreKitDemo" */ = {
			isa = XCConfigurationList;
			buildConfigurations = (
				26717D5B1985BB6900619E49 /* Debug */,
				26717D5C1985BB6900619E49 /* Release */,
			);
			defaultConfigurationIsVisible = 0;
			defaultConfigurationName = Release;
		};
		26717D5D1985BB6900619E49 /* Build configuration list for PBXNativeTarget "StoreKitDemo" */ = {
			isa = XCConfigurationList;
			buildConfigurations = (
				26717D5E1985BB6900619E49 /* Debug */,
				26717D5F1985BB6900619E49 /* Release */,
			);
			defaultConfigurationIsVisible = 0;
		};
		26717D601985BB6900619E49 /* Build configuration list for PBXNativeTarget "StoreKitDemoTests" */ = {
			isa = XCConfigurationList;
			buildConfigurations = (
				26717D611985BB6900619E49 /* Debug */,
				26717D621985BB6900619E49 /* Release */,
			);
			defaultConfigurationIsVisible = 0;
		};
/* End XCConfigurationList section */
	};
	rootObject = 26717D231985BB6900619E49 /* Project object */;
}
